{
  "name": "holidays",
  "version": "1.0.0",
  "lockfileVersion": 2,
  "requires": true,
  "packages": {
    "": {
      "version": "1.0.0",
      "license": "ISC",
      "dependencies": {
        "holiday-jp": "^1.0.0"
      },
      "bin": {
        "holidays": "index.js"
      }
    },
    "node_modules/holiday-jp": {
      "version": "1.0.0",
      "resolved": "https://registry.npmjs.org/holiday-jp/-/holiday-jp-1.0.0.tgz",
      "integrity": "sha1-i2EfmHLFjVUSzgv7wE6ttV2hzBA="
    }
  },
  "dependencies": {
    "holiday-jp": {
      "version": "1.0.0",
      "resolved": "https://registry.npmjs.org/holiday-jp/-/holiday-jp-1.0.0.tgz",
      "integrity": "sha1-i2EfmHLFjVUSzgv7wE6ttV2hzBA="
    }
  }
}
